
Microsoft Visual Studio Solution File, Format Version 12.00
# Visual Studio Version 17
VisualStudioVersion = 17.14.36414.22 d17.14
MinimumVisualStudioVersion = 10.0.40219.1
Project("{FAE04EC0-301F-11D3-BF4B-00C04F79EFBC}") = "Opea.GestaoBiblioteca.Api", "Opea.GestaoBiblioteca\Opea.GestaoBiblioteca.Api.csproj", "{6DA43995-2463-4190-A677-D1FD9438889E}"
EndProject
Project("{FAE04EC0-301F-11D3-BF4B-00C04F79EFBC}") = "Opea.GestaoBiblioteca.Application", "Opea.GestaoBiblioteca.Application\Opea.GestaoBiblioteca.Application.csproj", "{F734AEF7-948A-45E4-83F5-06475385A1F4}"
EndProject
Project("{FAE04EC0-301F-11D3-BF4B-00C04F79EFBC}") = "Opea.GestaoBiblioteca.Domain", "Opea.GestaoBiblioteca.Domain\Opea.GestaoBiblioteca.Domain.csproj", "{86623319-BF90-4691-95A7-948D0294B18D}"
EndProject
Project("{FAE04EC0-301F-11D3-BF4B-00C04F79EFBC}") = "Opea.GestaoBiblioteca.Infrastructure", "Opea.GestaoBiblioteca.Infrastructure\Opea.GestaoBiblioteca.Infrastructure.csproj", "{A8A70535-58A2-405E-A79C-57424802EDC5}"
EndProject
Project("{FAE04EC0-301F-11D3-BF4B-00C04F79EFBC}") = "Opea.GestaoBiblioteca.Tests", "Opea.GestaoBiblioteca.Tests\Opea.GestaoBiblioteca.Tests.csproj", "{1DC21DA9-4066-42F0-9B11-25713606961E}"
EndProject
Global
	GlobalSection(SolutionConfigurationPlatforms) = preSolution
		Debug|Any CPU = Debug|Any CPU
		Release|Any CPU = Release|Any CPU
	EndGlobalSection
	GlobalSection(ProjectConfigurationPlatforms) = postSolution
		{6DA43995-2463-4190-A677-D1FD9438889E}.Debug|Any CPU.ActiveCfg = Debug|Any CPU
		{6DA43995-2463-4190-A677-D1FD9438889E}.Debug|Any CPU.Build.0 = Debug|Any CPU
		{6DA43995-2463-4190-A677-D1FD9438889E}.Release|Any CPU.ActiveCfg = Release|Any CPU
		{6DA43995-2463-4190-A677-D1FD9438889E}.Release|Any CPU.Build.0 = Release|Any CPU
		{F734AEF7-948A-45E4-83F5-06475385A1F4}.Debug|Any CPU.ActiveCfg = Debug|Any CPU
		{F734AEF7-948A-45E4-83F5-06475385A1F4}.Debug|Any CPU.Build.0 = Debug|Any CPU
		{F734AEF7-948A-45E4-83F5-06475385A1F4}.Release|Any CPU.ActiveCfg = Release|Any CPU
		{F734AEF7-948A-45E4-83F5-06475385A1F4}.Release|Any CPU.Build.0 = Release|Any CPU
		{86623319-BF90-4691-95A7-948D0294B18D}.Debug|Any CPU.ActiveCfg = Debug|Any CPU
		{86623319-BF90-4691-95A7-948D0294B18D}.Debug|Any CPU.Build.0 = Debug|Any CPU
		{86623319-BF90-4691-95A7-948D0294B18D}.Release|Any CPU.ActiveCfg = Release|Any CPU
		{86623319-BF90-4691-95A7-948D0294B18D}.Release|Any CPU.Build.0 = Release|Any CPU
		{A8A70535-58A2-405E-A79C-57424802EDC5}.Debug|Any CPU.ActiveCfg = Debug|Any CPU
		{A8A70535-58A2-405E-A79C-57424802EDC5}.Debug|Any CPU.Build.0 = Debug|Any CPU
		{A8A70535-58A2-405E-A79C-57424802EDC5}.Release|Any CPU.ActiveCfg = Release|Any CPU
		{A8A70535-58A2-405E-A79C-57424802EDC5}.Release|Any CPU.Build.0 = Release|Any CPU
		{1DC21DA9-4066-42F0-9B11-25713606961E}.Debug|Any CPU.ActiveCfg = Debug|Any CPU
		{1DC21DA9-4066-42F0-9B11-25713606961E}.Debug|Any CPU.Build.0 = Debug|Any CPU
		{1DC21DA9-4066-42F0-9B11-25713606961E}.Release|Any CPU.ActiveCfg = Release|Any CPU
		{1DC21DA9-4066-42F0-9B11-25713606961E}.Release|Any CPU.Build.0 = Release|Any CPU
	EndGlobalSection
	GlobalSection(SolutionProperties) = preSolution
		HideSolutionNode = FALSE
	EndGlobalSection
	GlobalSection(ExtensibilityGlobals) = postSolution
		SolutionGuid = {836C2596-612A-462A-B3B0-0CB22AF73274}
	EndGlobalSection
EndGlobal
